
Microsoft Visual Studio Solution File, Format Version 12.00
# Visual Studio Version 17
VisualStudioVersion = 17.14.36203.30 d17.14
MinimumVisualStudioVersion = 10.0.40219.1
Project("{FAE04EC0-301F-11D3-BF4B-00C04F79EFBC}") = "BoxingUnBoxingDemo", "BoxingUnBoxingDemo\BoxingUnBoxingDemo.csproj", "{9E9F5FBA-EE6E-4B02-8BA5-290506B130A6}"
EndProject
Global
	GlobalSection(SolutionConfigurationPlatforms) = preSolution
		Debug|Any CPU = Debug|Any CPU
		Release|Any CPU = Release|Any CPU
	EndGlobalSection
	GlobalSection(ProjectConfigurationPlatforms) = postSolution
		{9E9F5FBA-EE6E-4B02-8BA5-290506B130A6}.Debug|Any CPU.ActiveCfg = Debug|Any CPU
		{9E9F5FBA-EE6E-4B02-8BA5-290506B130A6}.Debug|Any CPU.Build.0 = Debug|Any CPU
		{9E9F5FBA-EE6E-4B02-8BA5-290506B130A6}.Release|Any CPU.ActiveCfg = Release|Any CPU
		{9E9F5FBA-EE6E-4B02-8BA5-290506B130A6}.Release|Any CPU.Build.0 = Release|Any CPU
	EndGlobalSection
	GlobalSection(SolutionProperties) = preSolution
		HideSolutionNode = FALSE
	EndGlobalSection
	GlobalSection(ExtensibilityGlobals) = postSolution
		SolutionGuid = {55DBB096-D55F-4869-8B66-16BCD9CF2451}
	EndGlobalSection
EndGlobal
